
Microsoft Visual Studio Solution File, Format Version 12.00
# Visual Studio 11
Project("{00000000-0000-0000-0000-000000000000}") = "MvcMusicStore", "MvcMusicStore\MvcMusicStore.csproj", "{212721D0-DB94-43A7-AF77-CB9014673C16}"
EndProject
Global
	GlobalSection(SolutionConfigurationPlatforms) = preSolution
		Debug|Any CPU = Debug|Any CPU
		Release|Any CPU = Release|Any CPU
	EndGlobalSection
	GlobalSection(ProjectConfigurationPlatforms) = postSolution
		{212721D0-DB94-43A7-AF77-CB9014673C16}.Debug|Any CPU.ActiveCfg = Debug|Any CPU
		{212721D0-DB94-43A7-AF77-CB9014673C16}.Debug|Any CPU.Build.0 = Debug|Any CPU
		{212721D0-DB94-43A7-AF77-CB9014673C16}.Release|Any CPU.ActiveCfg = Release|Any CPU
		{212721D0-DB94-43A7-AF77-CB9014673C16}.Release|Any CPU.Build.0 = Release|Any CPU
	EndGlobalSection
	GlobalSection(SolutionProperties) = preSolution
		HideSolutionNode = FALSE
	EndGlobalSection
EndGlobal
